dependencies:
- name: shortlink-common
  repository: file://../../shortlink-common
  version: 0.2.0
- name: keda
  repository: https://kedacore.github.io/charts
  version: 2.8.2
digest: sha256:60fd18535e69df53c0e2f07d31e4d7f9088a5e5c839b52350926540fc0375cc6
generated: "2022-09-13T13:15:35.421837156+03:00"
