dependencies:
- name: shortlink-common
  repository: file://../../shortlink-common
  version: 0.1.0
- name: keda
  repository: https://kedacore.github.io/charts
  version: 2.8.1
digest: sha256:7c55608fe7cada08ca052a549d5882bc81a7c261253bad555d8f660240a13a1e
generated: "2022-08-29T04:50:16.29312282+03:00"
