dependencies:
- name: argo-cd
  repository: https://argoproj.github.io/argo-helm
  version: 5.38.1
- name: argocd-apps
  repository: https://argoproj.github.io/argo-helm
  version: 1.3.0
- name: argo-events
  repository: https://argoproj.github.io/argo-helm
  version: 2.4.0
- name: argo-rollouts
  repository: https://argoproj.github.io/argo-helm
  version: 2.31.0
- name: argo-workflows
  repository: https://argoproj.github.io/argo-helm
  version: 0.30.0
- name: argocd-image-updater
  repository: https://argoproj.github.io/argo-helm
  version: 0.9.1
- name: redis
  repository: oci://registry-1.docker.io/bitnamicharts
  version: 17.11.8
digest: sha256:50287f81025a44ca8cc6f95ed434d3623321d5b8d4c209f488672cfb59358d58
generated: "2023-07-12T01:37:04.080153083Z"
