dependencies:
- name: argo-cd
  repository: https://argoproj.github.io/argo-helm
  version: 5.29.1
- name: argocd-apps
  repository: https://argoproj.github.io/argo-helm
  version: 0.0.9
- name: argo-events
  repository: https://argoproj.github.io/argo-helm
  version: 2.2.0
- name: argo-rollouts
  repository: https://argoproj.github.io/argo-helm
  version: 2.25.0
- name: argo-workflows
  repository: https://argoproj.github.io/argo-helm
  version: 0.24.1
- name: argocd-image-updater
  repository: https://argoproj.github.io/argo-helm
  version: 0.9.0
- name: redis
  repository: https://charts.bitnami.com/bitnami
  version: 17.9.4
digest: sha256:30763320b4799bf0759431ba0d24b1ced9cc8529feaba51305dfdc48097a18ce
generated: "2023-04-17T15:07:32.801452+02:00"
