dependencies:
- name: argo-cd
  repository: https://argoproj.github.io/argo-helm
  version: 5.51.6
- name: argocd-apps
  repository: https://argoproj.github.io/argo-helm
  version: 1.4.1
- name: argo-events
  repository: https://argoproj.github.io/argo-helm
  version: 2.4.1
- name: argo-rollouts
  repository: https://argoproj.github.io/argo-helm
  version: 2.32.5
- name: argo-workflows
  repository: https://argoproj.github.io/argo-helm
  version: 0.39.6
- name: argocd-image-updater
  repository: https://argoproj.github.io/argo-helm
  version: 0.9.1
- name: redis
  repository: oci://registry-1.docker.io/bitnamicharts
  version: 18.4.0
digest: sha256:8a8531888587fba0b74631c23fa81793e36d9f53af43ddd774fc0ba9074964e7
generated: "2023-12-05T07:37:31.123762809Z"
