dependencies:
- name: cert-manager
  repository: https://charts.jetstack.io
  version: v1.13.3
- name: cert-manager-approver-policy
  repository: https://charts.jetstack.io
  version: v0.12.1
- name: cert-manager-csi-driver-spiffe
  repository: https://charts.jetstack.io
  version: v0.4.1
digest: sha256:b31bb02be2ac050c05117b8de668a0d2b8c71f94e2610c346d2a36a6ed408fdd
generated: "2024-02-01T13:50:21.774292747Z"
