dependencies:
- name: cert-manager
  repository: https://charts.jetstack.io
  version: v1.16.3
- name: cert-manager-approver-policy
  repository: https://charts.jetstack.io
  version: v0.19.0
- name: cert-manager-csi-driver-spiffe
  repository: https://charts.jetstack.io
  version: v0.8.2
digest: sha256:00b5de9db10c251c596142623bb7e250de55838c31cdeace0c4a2f2aa7d987b0
generated: "2025-02-06T13:40:56.164411994Z"
