dependencies:
- name: shortlink-common
  repository: file://../../shortlink-common
  version: 0.2.0
- name: cert-manager
  repository: https://charts.jetstack.io
  version: v1.9.1
digest: sha256:0b71822c9145625627e237e4c0a3c705360c31442d5a77a7486a42dd86a66a15
generated: "2022-10-10T12:57:23.134075+03:00"
