dependencies:
- name: kyverno
  repository: https://kyverno.github.io/kyverno
  version: v2.4.1
- name: policy-reporter
  repository: https://kyverno.github.io/policy-reporter
  version: 2.9.0
- name: kyverno-policies
  repository: https://kyverno.github.io/kyverno
  version: v2.4.1
digest: sha256:7db045ccd4802925f1811ebbb5ebe06a7d6c9e754572a528a58276033510c7f4
generated: "2022-06-05T15:18:52.81952163Z"
