dependencies:
- name: kyverno
  repository: https://kyverno.github.io/kyverno
  version: 2.7.1
- name: policy-reporter
  repository: https://kyverno.github.io/policy-reporter
  version: 2.17.0
- name: kyverno-policies
  repository: https://kyverno.github.io/kyverno
  version: 2.7.1
digest: sha256:2ee717f7353cacaf5dfcaabd3f130a87ddefacb28c2f656dc3562c80fdb80c48
generated: "2023-03-09T19:59:49.853503347Z"
