dependencies:
- name: common
  repository: https://charts.bitnami.com/bitnami
  version: 2.0.1
- name: kyverno
  repository: https://kyverno.github.io/kyverno
  version: v2.5.2
- name: policy-reporter
  repository: https://kyverno.github.io/policy-reporter
  version: 2.11.1
- name: kyverno-policies
  repository: https://kyverno.github.io/kyverno
  version: v2.5.2
digest: sha256:602328efeed70dd8e4b468be5777c628cf5a445886385115cc8afb0f18631252
generated: "2022-08-24T01:19:42.866510833Z"
