# Generated by buf. DO NOT EDIT.
version: v1
deps:
  - remote: buf.build
    owner: beta
    repository: googleapis
    branch: main
    commit: ac0d624de3f746c3b8ef55c74b6f5244
    digest: b1-GubXb4hZ56wTohZYDL-Muute9Jxx8J4TtIYucS30TBM=
    create_time: 2021-08-12T19:53:55.128813Z
  - remote: buf.build
    owner: srikrsna
    repository: protoc-gen-gotag
    branch: main
    commit: 8b63cc254bb545328abd56041a1b928d
    digest: b1-BDhD5LflQs3pzPcMS8d_c7oRsFGbIElgp1R-kKaJXP8=
    create_time: 2021-08-06T16:50:16.793881Z
