# Generated by buf. DO NOT EDIT.
version: v2
deps:
  - name: buf.build/googleapis/googleapis
    commit: f0e53af8f2fc4556b94f482688b57223
    digest: b5:24e758f963ee1bb3b5218eb452e0bdfb7a5449d9a77d174b8284b6368ccc1884213689381cdcd79e4231796c281c128ac1ae50825237b1774deb542bdc704b32
  - name: buf.build/grpc-ecosystem/grpc-gateway
    commit: a48fcebcf8f140dd9d09359b9bb185a4
    digest: b5:330af8a71b579ab96c4f3ee26929d1a68a5a9e986c7cfe0a898591fc514216bb6e723dc04c74d90fdee3f3f14f9100a54b4f079eb273e6e7213f0d5baca36ff8
