dependencies:
- name: shortlink-common
  repository: file://../../../shortlink-common
  version: 0.2.25
- name: rook-ceph
  repository: https://charts.rook.io/release
  version: v1.10.10
digest: sha256:3779b67d77d18845ab140b655c5adec60ad8e5dd279533ca92f982776bb97b43
generated: "2023-01-26T17:00:30.807682+06:00"
