lockfileVersion: '9.0'

settings:
  autoInstallPeers: true
  excludeLinksFromLockfile: false

importers:

  .:
    dependencies:
      '@tailcallhq/tailcall':
        specifier: ^0.131.3
        version: 0.131.3

packages:

  '@scarf/scarf@1.4.0':
    resolution: {integrity: sha512-xxeapPiUXdZAE3che6f3xogoJPeZgig6omHEy1rIY5WVsB3H2BHNnZH+gHG6x91SCWyQCzWGsuL2Hh3ClO5/qQ==}

  '@tailcallhq/core-darwin-arm64@0.131.3':
    resolution: {integrity: sha512-3m0lBovc2isTQdUJCUPFhJu5Q4bPXxLr/MyaewxxspDGGcPZhDUsOpR5FiIVYBIDlnCMX7t5jhjuTn4TXVlLYA==}
    cpu: [arm64]
    os: [darwin]
    hasBin: true

  '@tailcallhq/core-darwin-x64@0.131.3':
    resolution: {integrity: sha512-6a+VzVWiZAiE4HBwZTFg0Ya3ZXr0q5/bjlz5evJPwNdIRbUtnHrECcFZvyLKAOK3mdiyBCrtwthX9fEcB9OqdA==}
    cpu: [x64]
    os: [darwin]
    hasBin: true

  '@tailcallhq/core-linux-arm64-gnu@0.131.3':
    resolution: {integrity: sha512-a7qYZyvqJCcLkv8fE574AoG2TE6PZJu0XD09KFIi4GzH3VPgVtMXj74PoXJHWvjldr2gPmIZG53ITH+xSORDCw==}
    cpu: [arm64]
    os: [linux]
    hasBin: true

  '@tailcallhq/core-linux-arm64-musl@0.131.3':
    resolution: {integrity: sha512-FJ1rS26N6WeFcb46HLubLyKymbR9OW9E9ldhB7jY8CLvXMhLmzAnzhfDTh1jhdtIoEHommC0XByyTuKFC+UsEg==}
    cpu: [arm64]
    os: [linux]
    hasBin: true

  '@tailcallhq/core-linux-ia32-gnu@0.131.3':
    resolution: {integrity: sha512-CFoF8wZeossavXD0E24gDVzKHBlacDF7ICMcUrwokBGR0A4dWbCi5r+/I5qcPuLmCNfRyLHoUZWrCmih0xtThA==}
    cpu: [ia32]
    os: [linux]
    hasBin: true

  '@tailcallhq/core-linux-x64-gnu@0.131.3':
    resolution: {integrity: sha512-pdwOWbeCYpzTDLPcOzJ672xxIIyJlTD5DpZ2fP06l/a/dy3uJcRje9Y0RPx2LVWdO1tiBtSGmlFPXZrEQO6N9w==}
    cpu: [x64]
    os: [linux]
    hasBin: true

  '@tailcallhq/core-linux-x64-musl@0.131.3':
    resolution: {integrity: sha512-z1BWZrpb4jt7MuvlcL9LweMwduFqEcE1VnrDovd+2wkyzojbUOWKh1cA0lrtftW/9jb4bW7sdavgHwFLVWetRg==}
    cpu: [x64]
    os: [linux]
    hasBin: true

  '@tailcallhq/core-win32-arm64-msvc@0.131.3':
    resolution: {integrity: sha512-n5hXNpSA9shcASHht3i4rZppkQe6fW1BKob52gEp+zgK9KKrmCtYQxiHuC7ULUiSMurEvMqWAzpxWBJEcAyMIg==}
    cpu: [arm64]
    os: [win32]
    hasBin: true

  '@tailcallhq/core-win32-ia32-msvc@0.131.3':
    resolution: {integrity: sha512-dSwDAtSl+mXrDCr9ttg/2LTQpETgRmoWfVZg0vhcZmnWHWrnS/KgHqKU5btvcjP4lDmkNpyRtSMq7+Nfnq9Efg==}
    cpu: [ia32]
    os: [win32]
    hasBin: true

  '@tailcallhq/core-win32-x64-msvc@0.131.3':
    resolution: {integrity: sha512-hWCPfAjDilPYu/ui/lkPXD+GDLLsUpFSB3Kmid8Cjm1EamFxazhBsK4qs2kITLn2RcyBKorV7S59TpzTU1VTLg==}
    cpu: [x64]
    os: [win32]
    hasBin: true

  '@tailcallhq/tailcall@0.131.3':
    resolution: {integrity: sha512-fYCRRQny7B2YuQ+LLZlrJYnOvbvQR4DTWVeUd+Zf22hfW9nzrPxFdy3+boQ13QpJol+X4K/cl24YEUb1b9w/rw==}

  detect-libc@2.0.3:
    resolution: {integrity: sha512-bwy0MGW55bG41VqxxypOsdSdGqLwXPI/focwgTYCFMbdUiBAxLg9CFzG08sz2aqzknwiX7Hkl0bQENjg8iLByw==}
    engines: {node: '>=8'}

snapshots:

  '@scarf/scarf@1.4.0': {}

  '@tailcallhq/core-darwin-arm64@0.131.3':
    optional: true

  '@tailcallhq/core-darwin-x64@0.131.3':
    optional: true

  '@tailcallhq/core-linux-arm64-gnu@0.131.3':
    optional: true

  '@tailcallhq/core-linux-arm64-musl@0.131.3':
    optional: true

  '@tailcallhq/core-linux-ia32-gnu@0.131.3':
    optional: true

  '@tailcallhq/core-linux-x64-gnu@0.131.3':
    optional: true

  '@tailcallhq/core-linux-x64-musl@0.131.3':
    optional: true

  '@tailcallhq/core-win32-arm64-msvc@0.131.3':
    optional: true

  '@tailcallhq/core-win32-ia32-msvc@0.131.3':
    optional: true

  '@tailcallhq/core-win32-x64-msvc@0.131.3':
    optional: true

  '@tailcallhq/tailcall@0.131.3':
    dependencies:
      '@scarf/scarf': 1.4.0
      detect-libc: 2.0.3
    optionalDependencies:
      '@tailcallhq/core-darwin-arm64': 0.131.3
      '@tailcallhq/core-darwin-x64': 0.131.3
      '@tailcallhq/core-linux-arm64-gnu': 0.131.3
      '@tailcallhq/core-linux-arm64-musl': 0.131.3
      '@tailcallhq/core-linux-ia32-gnu': 0.131.3
      '@tailcallhq/core-linux-x64-gnu': 0.131.3
      '@tailcallhq/core-linux-x64-musl': 0.131.3
      '@tailcallhq/core-win32-arm64-msvc': 0.131.3
      '@tailcallhq/core-win32-ia32-msvc': 0.131.3
      '@tailcallhq/core-win32-x64-msvc': 0.131.3

  detect-libc@2.0.3: {}
