dependencies:
- name: teleport-cluster
  repository: https://charts.releases.teleport.dev
  version: 14.2.1
- name: teleport-kube-agent
  repository: https://charts.releases.teleport.dev
  version: 14.2.1
- name: shortlink-template
  repository: file://../../shortlink-template
  version: 0.7.0
digest: sha256:66a1dcba3ebc502f8245155d7e142e52b88b486ad72c6ce5a9f1717b178eaa3b
generated: "2023-12-02T02:29:44.306366+01:00"
