dependencies:
- name: kube-prometheus-stack
  repository: https://prometheus-community.github.io/helm-charts
  version: 43.2.1
- name: prometheus-adapter
  repository: https://prometheus-community.github.io/helm-charts
  version: 3.5.0
digest: sha256:1ab59e81fd3141472893ceb3444c4c529dd7466fefb2a5873bbcfd77d9baa7f8
generated: "2023-01-02T02:45:31.973713+06:00"
