dependencies:
- name: common
  repository: https://charts.bitnami.com/bitnami
  version: 1.17.0
- name: kube-prometheus-stack
  repository: https://prometheus-community.github.io/helm-charts
  version: 39.8.0
digest: sha256:79586b0e49158c797dfe755c936002e085d46a31b7c0f0cf93e3a79d3a6c0f39
generated: "2022-08-18T09:55:38.901014372Z"
