dependencies:
- name: common
  repository: https://charts.bitnami.com/bitnami
  version: 2.0.0
- name: postgresql
  repository: https://charts.bitnami.com/bitnami
  version: 11.7.6
digest: sha256:f2d0cefd23402df5041c5d8570be8926f6e9645dec0a1ee9bd43b2a941527aa6
generated: "2022-08-21T13:05:10.558301988Z"
