dependencies:
- name: common
  repository: https://charts.bitnami.com/bitnami
  version: 1.16.1
- name: postgresql
  repository: https://charts.bitnami.com/bitnami
  version: 11.7.2
digest: sha256:91d062988bd61018a9820a7ebe11a57fdff3ba26f0dcc6f8f2d845cac2d4d9d4
generated: "2022-08-16T22:58:57.080331423Z"
