dependencies:
- name: common
  repository: https://charts.bitnami.com/bitnami
  version: 1.17.1
- name: postgresql
  repository: https://charts.bitnami.com/bitnami
  version: 11.7.3
digest: sha256:6415c3ce8f3145efab10f763347bed8ce8775c996d6f4c6f327053ec2e9298fc
generated: "2022-08-18T11:46:40.118436781Z"
