dependencies:
- name: shortlink-template
  repository: file://../../../shortlink-template
  version: 0.9.5
- name: rabbitmq-cluster-operator
  repository: oci://registry-1.docker.io/bitnamicharts
  version: 4.3.19
digest: sha256:67e6626c0499f0dd128f4207386f1916afeddc1176bce36d0e1cf8512a482504
generated: "2024-08-23T12:43:09.358765027Z"
