dependencies:
- name: shortlink-template
  repository: file://../../../shortlink-template
  version: 0.6.1
- name: rabbitmq-cluster-operator
  repository: oci://registry-1.docker.io/bitnamicharts
  version: 3.10.5
digest: sha256:1cbdf04536b349620d86388f712d5b1dffa15c618e9267fd37032b3ab3e41466
generated: "2023-11-22T12:25:25.543535+01:00"
