dependencies:
- name: shortlink-common
  repository: file://../../../shortlink-common
  version: 0.2.3
- name: rabbitmq-cluster-operator
  repository: https://charts.bitnami.com/bitnami
  version: 3.1.4
digest: sha256:9818faff3986c26ecf14a4057166590079f876bca42e03720c63ad323a2fd1ad
generated: "2022-12-21T23:01:31.39552+03:00"
