dependencies:
- name: shortlink-template
  repository: oci://ghcr.io/shortlink-org/charts
  version: 0.10.0
- name: redis
  repository: oci://registry-1.docker.io/bitnamicharts
  version: 24.1.2
digest: sha256:4772fafb601a6df7d7d24f4da532f37d4ae7b035758b2ddbc1a017e56a9a90bd
generated: "2026-01-21T19:07:04.23931902Z"
