dependencies:
- name: shortlink-template
  repository: oci://ghcr.io/shortlink-org/charts
  version: 0.9.6
- name: redis
  repository: oci://registry-1.docker.io/bitnamicharts
  version: 24.0.0
digest: sha256:4abb42ffef9a1fdcdd7a3039830652b883ddaca695981a207788d4a0ef21678a
generated: "2025-11-21T16:27:10.699982863Z"
