dependencies:
- name: shortlink-template
  repository: oci://ghcr.io/shortlink-org/charts
  version: 0.12.4
- name: redis
  repository: oci://registry-1.docker.io/bitnamicharts
  version: 25.3.11
digest: sha256:3410e886810db48a7e98bcca5ad241f305b652228e4ceecb2ce29506c35fa36e
generated: "2026-04-17T23:19:51.643967831Z"
