dependencies:
- name: pyroscope
  repository: https://pyroscope-io.github.io/helm-chart
  version: 0.2.92
- name: pyroscope-ebpf
  repository: https://pyroscope-io.github.io/helm-chart
  version: 0.1.31
digest: sha256:2ac234d836f01e2840173d69dbec23b18d3420194f197557d19642e478e7c839
generated: "2023-02-18T05:35:05.39206+03:00"
