dependencies:
- name: pyroscope
  repository: https://pyroscope-io.github.io/helm-chart
  version: 0.2.92
- name: pyroscope-ebpf
  repository: https://pyroscope-io.github.io/helm-chart
  version: 0.1.31
digest: sha256:78ea3878f28d3092b49979720550bfad1ec1aef5888752d53234bf95f9580f84
generated: "2023-02-27T05:20:37.848337+01:00"
