dependencies:
- name: kubescape-cloud-operator
  repository: https://kubescape.github.io/helm-charts/
  version: 1.9.3
- name: kubescape-prometheus-integrator
  repository: https://kubescape.github.io/helm-charts/
  version: 0.0.6
digest: sha256:364c3a9a5127af19bbe2500d6055d51a7b20cdab9a1a1d5cf2d3a5c1e5f57cf9
generated: "2023-01-20T21:21:24.423554+06:00"
