dependencies:
- name: common
  repository: https://charts.bitnami.com/bitnami
  version: 1.17.0
- name: kubernetes-dashboard
  repository: https://kubernetes.github.io/dashboard
  version: 5.9.0
digest: sha256:c634b6b1377f4edcc12433835fe7a37f78b21394eee1a9ab100e1a965b93b0c2
generated: "2022-08-18T10:02:41.428314576Z"
