dependencies:
- name: shortlink-template
  repository: file://../../../shortlink-template
  version: 0.9.6
- name: redis
  repository: oci://registry-1.docker.io/bitnamicharts
  version: 20.6.2
digest: sha256:82afb1aeba40caade441be2984213d837295a411a68b97502c3fb3da43136814
generated: "2025-01-13T07:32:27.900351297Z"
