dependencies:
- name: shortlink-template
  repository: file://../../../shortlink-template
  version: 0.8.17
- name: redis
  repository: oci://registry-1.docker.io/bitnamicharts
  version: 19.5.2
digest: sha256:9b380375b9613a39bf537854a4433bf09f68a8c6cd21980eca67cec2360a794a
generated: "2024-06-10T11:43:40.707645+03:00"
