dependencies:
- name: shortlink-template
  repository: file://../../../shortlink-template
  version: 0.8.17
- name: redis
  repository: oci://registry-1.docker.io/bitnamicharts
  version: 19.6.1
digest: sha256:74bb552315bd15be842bccc848237bf4f7316038d23c0f773457a81e29fd8391
generated: "2024-07-03T13:51:15.154290294Z"
