dependencies:
- name: common
  repository: https://charts.bitnami.com/bitnami
  version: 1.16.1
- name: flux
  repository: https://charts.fluxcd.io
  version: 1.13.2
- name: helm-operator
  repository: https://charts.fluxcd.io
  version: 1.4.3
digest: sha256:164e342c9634b9d9ae212eb32a671c1ad5892e1ae64da95e58b21286ef06dfcf
generated: "2022-08-15T02:34:18.483534109+03:00"
