dependencies:
- name: common
  repository: https://charts.bitnami.com/bitnami
  version: 2.0.1
- name: flux
  repository: https://charts.fluxcd.io
  version: 1.13.2
- name: helm-operator
  repository: https://charts.fluxcd.io
  version: 1.4.3
digest: sha256:cf5ef225a58e94ee07ef70867f940c271e6cd4887300a0aab0e3b6cd51625116
generated: "2022-08-24T01:22:45.565760779Z"
