dependencies:
- name: shortlink-common
  repository: file://../../shortlink-common
  version: 0.1.0
- name: flux
  repository: https://charts.fluxcd.io
  version: 1.13.2
- name: helm-operator
  repository: https://charts.fluxcd.io
  version: 1.4.3
digest: sha256:5dd5fb1a6fd96b4fb0a768fa3c123179a797ba4f477abd84b99571347d512a34
generated: "2022-08-29T10:11:37.364315921+03:00"
