dependencies:
- name: loki
  repository: https://grafana.github.io/helm-charts
  version: 6.26.0
- name: promtail
  repository: https://grafana.github.io/helm-charts
  version: 6.16.6
digest: sha256:f3a0783056e8a8f1e2ed88b05e937ddeec8c845912a4c1260505c87eb0a987fa
generated: "2025-02-12T18:09:26.005379986Z"
