dependencies:
- name: loki
  repository: https://grafana.github.io/helm-charts
  version: 5.23.1
- name: promtail
  repository: https://grafana.github.io/helm-charts
  version: 6.15.2
digest: sha256:48ddb11b7c4e0a78d5e0429cd0f82b4582382906852f2f66c073e402524366c1
generated: "2023-10-02T17:24:44.831311+02:00"
