dependencies:
- name: loki
  repository: https://grafana.github.io/helm-charts
  version: 6.4.0
- name: promtail
  repository: https://grafana.github.io/helm-charts
  version: 6.15.5
digest: sha256:c0917bd1acbc102e7840b6bf21510e2b02eca0eb20ae1f582ea792e9f05cd1b6
generated: "2024-04-30T10:26:30.73044075Z"
