dependencies:
- name: temporal
  repository: https://go.temporal.io/helm-charts
  version: 0.43.0
- name: scylla
  repository: https://scylla-operator-charts.storage.googleapis.com/stable
  version: v1.13.0
digest: sha256:bf30bab83ebc98cfbc1747299d7a9947a59d84ad88d78260b8f60b7d0fc52e8b
generated: "2024-07-03T09:55:58.297228+02:00"
