dependencies:
- name: grafana
  repository: https://grafana.github.io/helm-charts
  version: 6.26.4
- name: loki
  repository: https://grafana.github.io/helm-charts
  version: 2.11.1
- name: promtail
  repository: https://grafana.github.io/helm-charts
  version: 4.2.0
- name: tempo
  repository: https://grafana.github.io/helm-charts
  version: 0.14.2
digest: sha256:4cc7806af2a6ffeca5ad583fb34c7ffd644b83534535f8a5511f247871b46a29
generated: "2022-04-20T23:51:25.945543676Z"
