dependencies:
- name: shortlink-common
  repository: file://../../shortlink-common
  version: 0.2.1
- name: grafana
  repository: https://grafana.github.io/helm-charts
  version: 6.44.2
- name: loki
  repository: https://grafana.github.io/helm-charts
  version: 3.3.4
- name: promtail
  repository: https://grafana.github.io/helm-charts
  version: 6.6.2
- name: tempo
  repository: https://grafana.github.io/helm-charts
  version: 0.16.3
- name: phlare
  repository: https://grafana.github.io/helm-charts
  version: 0.1.0
digest: sha256:1b86eee600762a3a2db47aea5cf19480580e4f453fc4681f8ac290dcf5682139
generated: "2022-11-15T15:37:35.631269834Z"
