dependencies:
- name: grafana
  repository: https://grafana.github.io/helm-charts
  version: 6.26.8
- name: loki
  repository: https://grafana.github.io/helm-charts
  version: 2.11.1
- name: promtail
  repository: https://grafana.github.io/helm-charts
  version: 4.2.0
- name: tempo
  repository: https://grafana.github.io/helm-charts
  version: 0.14.2
digest: sha256:643b7a2297871fd3ec011dcf96dea7df924bbf8dcc096531b8339b337454ae2c
generated: "2022-04-26T13:08:29.48940193Z"
