dependencies:
- name: tracetest
  repository: https://kubeshop.github.io/helm-charts
  version: 0.3.4
- name: oauth2-proxy
  repository: https://oauth2-proxy.github.io/manifests
  version: 6.23.1
digest: sha256:5497d4a5f932b4f79bbdd92f13088945733e57929ad7779cd7ed93224180dc86
generated: "2024-01-07T18:34:48.292949+01:00"
