dependencies:
- name: common
  repository: https://charts.bitnami.com/bitnami
  version: 1.17.1
- name: gateway
  repository: https://istio-release.storage.googleapis.com/charts
  version: 1.14.3
digest: sha256:10b0d951ba664bbd920d966f13976af3894aa46371642fca0cb0daa47209cd50
generated: "2022-08-18T11:53:54.860504975Z"
