dependencies:
- name: common
  repository: https://charts.bitnami.com/bitnami
  version: 1.16.1
- name: gateway
  repository: https://istio-release.storage.googleapis.com/charts
  version: 1.14.3
digest: sha256:9438bba91ce655da1957c54d4967260a66374f2d67a70c7ddd4b52280149a3e1
generated: "2022-08-15T02:34:53.593558146+03:00"
