dependencies:
- name: common
  repository: https://charts.bitnami.com/bitnami
  version: 2.0.0
- name: gateway
  repository: https://istio-release.storage.googleapis.com/charts
  version: 1.14.3
digest: sha256:b2243f30d164fcfdb6b4347ddd2fb54737f3bc411426f2b991bae8cb1b0781a5
generated: "2022-08-18T14:39:11.356207775Z"
