dependencies:
- name: shortlink-template
  repository: file://../../shortlink-template
  version: 0.8.17
- name: redis
  repository: oci://registry-1.docker.io/bitnamicharts
  version: 19.3.4
digest: sha256:fbd6d701357f257c3b902f5c29b4c5b0fda20c95637fef212f19e2061503d7d7
generated: "2024-05-20T05:17:21.210646976Z"
