dependencies:
- name: shortlink-template
  repository: file://../../shortlink-template
  version: 0.8.17
- name: redis
  repository: oci://registry-1.docker.io/bitnamicharts
  version: 19.1.0
digest: sha256:0fadfdbe0481474845c2ff5b1b965b6edf8eac56c2473f2145d8ecb32142bf20
generated: "2024-04-13T16:40:03.067197+02:00"
