dependencies:
- name: shortlink-template
  repository: file://../../shortlink-template
  version: 0.8.17
- name: redis
  repository: oci://registry-1.docker.io/bitnamicharts
  version: 19.3.0
digest: sha256:d0758674b845fc3973c3796643d9615d883a966c04c2f283280bdd59b28dcbed
generated: "2024-05-09T11:40:04.438674089Z"
