dependencies:
- name: teleport-cluster
  repository: https://charts.releases.teleport.dev
  version: 11.2.0
- name: teleport-kube-agent
  repository: https://charts.releases.teleport.dev
  version: 11.2.0
- name: shortlink-common
  repository: file://../../shortlink-common
  version: 0.2.19
digest: sha256:238e6af3d905c415a3bdf12b2926239a8054e5601d3a3cf8ee0f7fe823c8b9a4
generated: "2023-01-10T12:56:02.483064+06:00"
