dependencies:
- name: teleport-cluster
  repository: https://charts.releases.teleport.dev
  version: 11.2.1
- name: teleport-kube-agent
  repository: https://charts.releases.teleport.dev
  version: 11.2.1
- name: shortlink-common
  repository: file://../../shortlink-common
  version: 0.2.20
digest: sha256:f8cd6fa1775fcb8bf3472a7e9639dbc6637c49340ac7cf6b3eb71f1b2ebe9a88
generated: "2023-01-15T20:33:03.526696+06:00"
