dependencies:
- name: teleport-cluster
  repository: https://charts.releases.teleport.dev
  version: 11.2.2
- name: teleport-kube-agent
  repository: https://charts.releases.teleport.dev
  version: 11.2.2
- name: shortlink-common
  repository: file://../../shortlink-common
  version: 0.2.25
digest: sha256:2290c3e6f5fda3009a9782c5d495b4353bbd8c14d43734600c83b0690152f0df
generated: "2023-01-23T13:49:09.307683+06:00"
