dependencies:
- name: shortlink-common
  repository: file://../../shortlink-common
  version: 0.2.4
- name: metallb
  repository: https://metallb.github.io/metallb
  version: 0.13.7
digest: sha256:d8c8dffe181b0d865d3010a44ba6dc3ecb2ee6c55c866f782f8669a4277f7573
generated: "2022-12-24T00:52:26.303445+03:00"
