dependencies:
- name: shortlink-common
  repository: file://../../shortlink-common
  version: 0.2.2
- name: metallb
  repository: https://metallb.github.io/metallb
  version: 0.13.7
digest: sha256:753a859bd71d3ac523b3afb295043b8e9aea0ab972f8f6a901484bf9d69b34aa
generated: "2022-12-18T01:05:33.266176+03:00"
