dependencies:
- name: shortlink-common
  repository: file://../../shortlink-common
  version: 0.2.0
- name: metallb
  repository: https://metallb.github.io/metallb
  version: 0.13.5
digest: sha256:cad804f8ce3aee9c384d6a18679fcc4ceb749f068eb56559e89fa6170a44dc4c
generated: "2022-09-28T05:07:12.894054+06:00"
