dependencies:
- name: base
  repository: https://istio-release.storage.googleapis.com/charts
  version: 1.20.1
- name: istiod
  repository: https://istio-release.storage.googleapis.com/charts
  version: 1.20.0
digest: sha256:15423ac5b6151dd448d6af5b0a7d0d1df15760f3cbed37b46950783d7aaf0aef
generated: "2023-12-12T20:37:55.610369388Z"
