dependencies:
- name: base
  repository: https://istio-release.storage.googleapis.com/charts
  version: 1.20.1
- name: istiod
  repository: https://istio-release.storage.googleapis.com/charts
  version: 1.20.1
digest: sha256:77d0bb033ba2e9e80e00a6b160665a8750bc83d6094a65970ee8ddbb1319e68d
generated: "2023-12-21T00:01:41.92076+01:00"
