dependencies:
- name: scylla-operator
  repository: https://scylla-operator-charts.storage.googleapis.com/stable
  version: v1.12.2
- name: scylla-manager
  repository: https://scylla-operator-charts.storage.googleapis.com/stable
  version: v1.12.2
digest: sha256:80549d58a8f54e5abac775a8d08d1d04ebea058cc41c702e2af7209045c22046
generated: "2024-06-10T11:42:58.016201+03:00"
