dependencies:
- name: scylla-operator
  repository: https://scylla-operator-charts.storage.googleapis.com/stable
  version: v1.13.0
- name: scylla-manager
  repository: https://scylla-operator-charts.storage.googleapis.com/stable
  version: v1.13.0
digest: sha256:a028ae8a0876cc54bc3ab23367156e5471e3d6724ac08d2b2c55d7b3f78e2f7b
generated: "2024-07-09T20:05:28.030333+02:00"
