dependencies:
- name: scylla-operator
  repository: https://scylla-operator-charts.storage.googleapis.com/stable
  version: v1.12.2
- name: scylla-manager
  repository: https://scylla-operator-charts.storage.googleapis.com/stable
  version: v1.13.0
digest: sha256:94818760d6791e8afed0cb265525d06f82d2324985078176db133cbe3c545a1f
generated: "2024-06-20T08:10:49.360140562Z"
