dependencies:
- name: ingress-nginx
  repository: https://kubernetes.github.io/ingress-nginx
  version: 3.13.0
- name: kube-prometheus-stack
  repository: https://prometheus-community.github.io/helm-charts
  version: 12.6.0
digest: sha256:b56a8746e9cbcdb967a0b980dd7503c3ce8130306409e6367c34851c12af896a
generated: "2020-12-07T18:58:05.72745688Z"
