dependencies:
- name: nginx-ingress
  repository: https://charts.helm.sh/stable
  version: 1.41.3
- name: jaeger-operator
  repository: https://jaegertracing.github.io/helm-charts
  version: 2.15.1
digest: sha256:2d099b094e5f4b8862031357a02814368f1e7c242dc3de3bd6495ba9db62247d
generated: "2020-08-21T00:37:29.001476038+03:00"
