dependencies:
- name: argo-cd
  repository: https://argoproj.github.io/argo-helm
  version: 7.3.7
- name: argocd-apps
  repository: https://argoproj.github.io/argo-helm
  version: 2.0.0
- name: argocd-image-updater
  repository: https://argoproj.github.io/argo-helm
  version: 0.11.0
- name: redis
  repository: oci://registry-1.docker.io/bitnamicharts
  version: 19.6.1
digest: sha256:1d604e41db92c2f01dd51aa77b024d0b473c40329f2ab37210c3f9b81b60d8b9
generated: "2024-07-16T03:06:41.356216894Z"
