dependencies:
- name: argo-cd
  repository: https://argoproj.github.io/argo-helm
  version: 6.0.12
- name: argocd-apps
  repository: https://argoproj.github.io/argo-helm
  version: 1.6.1
- name: argocd-image-updater
  repository: https://argoproj.github.io/argo-helm
  version: 0.9.3
- name: redis
  repository: oci://registry-1.docker.io/bitnamicharts
  version: 18.12.1
digest: sha256:fda36acb48a9e9d93d6c04a80585d8bad0b409c022dc0ba6df2a87aec575a954
generated: "2024-02-13T18:19:02.822136324Z"
