dependencies:
- name: argo-cd
  repository: https://argoproj.github.io/argo-helm
  version: 7.1.2
- name: argocd-apps
  repository: https://argoproj.github.io/argo-helm
  version: 2.0.0
- name: argocd-image-updater
  repository: https://argoproj.github.io/argo-helm
  version: 0.10.1
- name: redis
  repository: oci://registry-1.docker.io/bitnamicharts
  version: 19.5.1
digest: sha256:91efd044acd497c083e395fbc090ef37cd2b4c75ee5e153e23bf8e52b3357237
generated: "2024-06-07T14:11:02.56013+03:00"
