dependencies:
- name: kyverno
  repository: https://kyverno.github.io/kyverno
  version: 3.2.7
- name: policy-reporter
  repository: https://kyverno.github.io/policy-reporter
  version: 2.24.2
- name: kyverno-policies
  repository: https://kyverno.github.io/kyverno
  version: 3.2.6
digest: sha256:72c7d78a18da633613162dc24b61fb9ac7f63e0ea1090d155cdb170513e98fb9
generated: "2024-09-30T13:07:18.028341878Z"
