dependencies:
- name: kyverno
  repository: https://kyverno.github.io/kyverno
  version: 3.0.5
- name: policy-reporter
  repository: https://kyverno.github.io/policy-reporter
  version: 2.21.1
- name: kyverno-policies
  repository: https://kyverno.github.io/kyverno
  version: 3.0.4
digest: sha256:756ee7c7dde2c1ce520021881e26215fc2d0f4085d5d882a18514cfdcc417eb2
generated: "2023-10-29T18:38:23.591967+01:00"
