dependencies:
- name: kyverno
  repository: https://kyverno.github.io/kyverno
  version: 3.0.6
- name: policy-reporter
  repository: https://kyverno.github.io/policy-reporter
  version: 2.21.1
- name: kyverno-policies
  repository: https://kyverno.github.io/kyverno
  version: 3.0.5
digest: sha256:1ed0649a6c8ace5bb9ee0a66f3bd76658be5dd1e1be7e1d3dc7c91141a5f8b19
generated: "2023-11-05T13:36:53.014268+01:00"
