dependencies:
- name: argo-cd
  repository: https://argoproj.github.io/argo-helm
  version: 4.9.14
- name: argo-events
  repository: https://argoproj.github.io/argo-helm
  version: 2.0.3
- name: argo-rollouts
  repository: https://argoproj.github.io/argo-helm
  version: 2.17.0
- name: argo-workflows
  repository: https://argoproj.github.io/argo-helm
  version: 0.16.7
- name: argocd-image-updater
  repository: https://argoproj.github.io/argo-helm
  version: 0.8.0
digest: sha256:70675ed085ce6a407d8757950cc00c20b85f6e70a3e94d4cdae677b9da9fc202
generated: "2022-07-15T01:49:39.671462194Z"
