dependencies:
- name: argo-cd
  repository: https://argoproj.github.io/argo-helm
  version: 4.10.5
- name: argo-events
  repository: https://argoproj.github.io/argo-helm
  version: 2.0.3
- name: argo-rollouts
  repository: https://argoproj.github.io/argo-helm
  version: 2.18.0
- name: argo-workflows
  repository: https://argoproj.github.io/argo-helm
  version: 0.16.9
- name: argocd-image-updater
  repository: https://argoproj.github.io/argo-helm
  version: 0.8.0
digest: sha256:2f42ba0a478dc89e3aac6fa44d1e2fa5dee6b3e1b7d138f8afe2d8407344af4a
generated: "2022-08-11T00:58:39.97829019Z"
