dependencies:
- name: common
  repository: https://charts.bitnami.com/bitnami
  version: 2.0.0
- name: argo-cd
  repository: https://argoproj.github.io/argo-helm
  version: 4.10.8
- name: argo-events
  repository: https://argoproj.github.io/argo-helm
  version: 2.0.3
- name: argo-rollouts
  repository: https://argoproj.github.io/argo-helm
  version: 2.18.0
- name: argo-workflows
  repository: https://argoproj.github.io/argo-helm
  version: 0.17.0
- name: argocd-image-updater
  repository: https://argoproj.github.io/argo-helm
  version: 0.8.0
digest: sha256:d2ebeae85355cf893d24eb426d543951341c5b1abde19195a5082893939fb175
generated: "2022-08-19T20:22:53.304368601Z"
