dependencies:
- name: base
  repository: https://istio-release.storage.googleapis.com/charts
  version: 1.19.0
- name: istiod
  repository: https://istio-release.storage.googleapis.com/charts
  version: 1.19.1
digest: sha256:9d5541bae019c3e96d3346267ddac4f01935a309ffdb85997cc826399bf5943a
generated: "2023-10-03T07:11:53.073889095Z"
