dependencies:
- name: base
  repository: https://istio-release.storage.googleapis.com/charts
  version: 1.22.3
- name: istiod
  repository: https://istio-release.storage.googleapis.com/charts
  version: 1.22.2
digest: sha256:58a6cbef22197d30f3a79e5c32647dfcd75055c63c8af9646f33586c41cb321d
generated: "2024-07-16T21:23:21.443042915Z"
