dependencies:
- name: base
  repository: https://istio-release.storage.googleapis.com/charts
  version: 1.17.0-beta.2
- name: istiod
  repository: https://istio-release.storage.googleapis.com/charts
  version: 1.16.2
digest: sha256:2298796e87603e18267dd911524ac80609bbd23334fbf325218575dabc96c743
generated: "2023-02-08T03:41:39.868738+06:00"
