dependencies:
- name: shortlink-common
  repository: file://../shortlink-common
  version: 0.2.14
- name: kratos
  repository: https://k8s.ory.sh/helm/charts
  version: 0.26.5
digest: sha256:5665ac37643220ee224710f1c9d767dd116a4436b5d319698cc6f97744b20d0c
generated: "2023-01-01T23:28:54.699394+06:00"
