dependencies:
- name: shortlink-common
  repository: file://../shortlink-common
  version: 0.2.8
- name: kratos
  repository: https://k8s.ory.sh/helm/charts
  version: 0.26.5
digest: sha256:db34aee54b6066c47b64b1e57c73919137ea5c58ecdd69f1cc7ffed1f9a03ddc
generated: "2022-12-31T04:37:09.821266+06:00"
