dependencies:
- name: shortlink-common
  repository: file://../shortlink-common
  version: 0.1.0
- name: kratos
  repository: https://k8s.ory.sh/helm/charts
  version: 0.25.1
digest: sha256:33f711d4d14c71294cdb3dac3721f5bff81de914e77c88a3df117e91d3f6b651
generated: "2022-08-29T10:09:37.357731294+03:00"
