dependencies:
- name: postgres-operator
  repository: https://opensource.zalando.com/postgres-operator/charts/postgres-operator
  version: 1.10.0
- name: postgres-operator-ui
  repository: https://opensource.zalando.com/postgres-operator/charts/postgres-operator-ui
  version: 1.10.0
digest: sha256:2c4bb8c56df39affdfc992ac95e14071b21e1d69d7629e5541fa289899e1b7c3
generated: "2023-06-09T15:05:08.003042+02:00"
