dependencies:
- name: odd-platform
  repository: https://opendatadiscovery.github.io/charts
  version: 0.1.10
- name: postgresql
  repository: oci://registry-1.docker.io/bitnamicharts
  version: 16.2.1
digest: sha256:0aa7ce5aa8c1e4d3274acc80732c7017f16da286952b5962fb5f7f01f324f52f
generated: "2024-11-16T22:48:01.632536+03:00"
