dependencies:
- name: odd-platform
  repository: https://opendatadiscovery.github.io/charts
  version: 0.1.10
- name: postgresql
  repository: oci://registry-1.docker.io/bitnamicharts
  version: 16.2.2
digest: sha256:db9d91dc72886c8c2405b2c222f92ae727d9c6fee4c5752afbd0d85826cd1792
generated: "2024-11-24T12:09:45.69572546Z"
