dependencies:
- name: odd-platform
  repository: https://opendatadiscovery.github.io/charts
  version: 0.1.10
- name: postgresql
  repository: oci://registry-1.docker.io/bitnamicharts
  version: 16.0.6
digest: sha256:5d6b086063c5a44eb5c3bb2b311c2b0fcb9b86f6192bf978e489000606fa4948
generated: "2024-10-24T15:04:02.61137808Z"
