dependencies:
- name: common
  repository: https://charts.bitnami.com/bitnami
  version: 1.16.1
- name: rabbitmq
  repository: https://charts.bitnami.com/bitnami
  version: 10.2.1
digest: sha256:3af4e56a6e64580d44d3554647aeaadffd4859461e262b6057362fd69188e20f
generated: "2022-08-15T02:36:52.107113519+03:00"
