dependencies:
- name: common
  repository: https://charts.bitnami.com/bitnami
  version: 1.17.0
- name: rabbitmq
  repository: https://charts.bitnami.com/bitnami
  version: 10.2.1
digest: sha256:4e8d01a492b85b6b465a119ea8735d302af182c4d92a079bbd1d0089cfc36352
generated: "2022-08-18T09:55:03.584637386Z"
