dependencies:
- name: common
  repository: https://charts.bitnami.com/bitnami
  version: 1.17.1
- name: rabbitmq
  repository: https://charts.bitnami.com/bitnami
  version: 10.2.1
digest: sha256:1da25a9981ec779c21e3a45032a12392ad99824035153748ae65b85d7fbc21aa
generated: "2022-08-18T11:47:51.253148805Z"
