{
  "name": "kafka-to-elasticsearch",
  "version": "1.0.0",
  "lockfileVersion": 2,
  "requires": true,
  "packages": {
    "": {
      "name": "kafka-to-elasticsearch",
      "version": "1.0.0",
      "license": "ISC",
      "devDependencies": {
        "k6": "^0.0.0"
      }
    },
    "node_modules/k6": {
      "version": "0.0.0",
      "resolved": "https://registry.npmjs.org/k6/-/k6-0.0.0.tgz",
      "integrity": "sha512-GAQSWayS2+LjbH5bkRi+pMPYyP1JSp7o+4j58ANZ762N/RH/SdlAT3CHHztnn8s/xgg8kYNM24Gd2IPo9b5W+g==",
      "dev": true
    }
  },
  "dependencies": {
    "k6": {
      "version": "0.0.0",
      "resolved": "https://registry.npmjs.org/k6/-/k6-0.0.0.tgz",
      "integrity": "sha512-GAQSWayS2+LjbH5bkRi+pMPYyP1JSp7o+4j58ANZ762N/RH/SdlAT3CHHztnn8s/xgg8kYNM24Gd2IPo9b5W+g==",
      "dev": true
    }
  }
}
