dependencies:
- name: pyroscope
  repository: https://grafana.github.io/helm-charts
  version: 1.6.0
- name: pyroscope-ebpf
  repository: https://pyroscope-io.github.io/helm-chart
  version: 0.1.31
digest: sha256:280124550dd946211fb69cd00348e55e99ad99887f194e6a73e0a65c786237e2
generated: "2024-05-31T08:58:57.354434947Z"
