dependencies:
- name: pyroscope
  repository: https://grafana.github.io/helm-charts
  version: 1.5.0
- name: pyroscope-ebpf
  repository: https://pyroscope-io.github.io/helm-chart
  version: 0.1.31
digest: sha256:b9151e769c93994adf831723b27f37a773a931c045fda5aa1e5b078501ba2281
generated: "2024-03-22T22:35:54.313527+01:00"
