dependencies:
- name: pyroscope
  repository: https://grafana.github.io/helm-charts
  version: 1.5.1
- name: pyroscope-ebpf
  repository: https://pyroscope-io.github.io/helm-chart
  version: 0.1.31
digest: sha256:1bd93327df7b5605dcdc80544f957937a1fe48447440337803774a9dcac149f4
generated: "2024-04-21T15:42:31.959658+02:00"
