dependencies:
- name: dapr
  repository: https://dapr.github.io/helm-charts/
  version: 1.12.0
- name: dapr-dashboard
  repository: https://dapr.github.io/helm-charts/
  version: 0.14.0
digest: sha256:590fb8369085141994b18eec04c154c1e8764135c0025fcafc2b65490cdbdc8c
generated: "2023-10-31T00:01:51.746462+01:00"
