dependencies:
- name: dapr
  repository: https://dapr.github.io/helm-charts/
  version: 1.12.2
- name: dapr-dashboard
  repository: https://dapr.github.io/helm-charts/
  version: 0.14.0
digest: sha256:f5d398055d921581bb952fbf30957cfdd1fd2c0be2411786865d097a440ea5ab
generated: "2023-11-26T00:52:02.529362+01:00"
