dependencies:
- name: dapr
  repository: https://dapr.github.io/helm-charts/
  version: 1.12.5
- name: dapr-dashboard
  repository: https://dapr.github.io/helm-charts/
  version: 0.15.0
digest: sha256:007c8451429574c8b6ad99dea9c71bc72bc3c8c1dc275fd41cca12eb63eec3eb
generated: "2024-10-05T20:21:05.393575+03:00"
