dependencies:
- name: falco
  repository: https://falcosecurity.github.io/charts
  version: 4.3.0
- name: falco-exporter
  repository: https://falcosecurity.github.io/charts
  version: 0.10.1
digest: sha256:524fe547e32220d95cdc5f1cb96fc062c724ef6baaf7837b9f78c9975799413e
generated: "2024-04-29T15:07:27.254048182Z"
