dependencies:
- name: falco
  repository: https://falcosecurity.github.io/charts
  version: 4.4.3
- name: falco-exporter
  repository: https://falcosecurity.github.io/charts
  version: 0.11.0
digest: sha256:7add7b7c49b9404b12e1b7ac0e8baa39fc4901cf1efd2880baf1c9d848d715b4
generated: "2024-06-18T15:19:13.854692301Z"
