dependencies:
- name: falco
  repository: https://falcosecurity.github.io/charts
  version: 3.1.5
- name: falco-exporter
  repository: https://falcosecurity.github.io/charts
  version: 0.9.5
digest: sha256:aaa3fe6ef06a41ab01f0f96dd2bf2b43f2c8c6ae26562b9d12ca8a18c42faf1a
generated: "2023-05-16T11:42:46.045052+02:00"
