dependencies:
- name: common
  repository: https://charts.bitnami.com/bitnami
  version: 2.0.0
- name: redis
  repository: https://charts.bitnami.com/bitnami
  version: 17.0.11
digest: sha256:0bd976de6a9b34e7c0a1e98f01d40ac20dd2ec3c0f2432c5df0d91b3c8344bba
generated: "2022-08-18T14:32:00.222296309Z"
