dependencies:
- name: common
  repository: https://charts.bitnami.com/bitnami
  version: 1.16.1
- name: redis
  repository: https://charts.bitnami.com/bitnami
  version: 17.0.11
digest: sha256:0a74748f467e3e739ccbf2b7ba4d427752fb3f26dc00f832446fe5c821852304
generated: "2022-08-17T11:40:18.264141846Z"
