dependencies:
- name: common
  repository: https://charts.bitnami.com/bitnami
  version: 1.16.1
- name: redis
  repository: https://charts.bitnami.com/bitnami
  version: 16.13.2
digest: sha256:581d3d0d79a3b1fe85d1bc878a190c7fde0fa8284d091637adcba5d9d9eb7c56
generated: "2022-08-15T02:37:36.080937172+03:00"
