dependencies:
- name: falco
  repository: https://falcosecurity.github.io/charts
  version: 3.1.2
- name: falco-exporter
  repository: https://falcosecurity.github.io/charts
  version: 0.9.1
digest: sha256:bdc78b48e13ef136e962f358980262c23d59326130f31f1788c8adad10e9b3f5
generated: "2023-03-18T22:02:51.774252+01:00"
