dependencies:
- name: falco
  repository: https://falcosecurity.github.io/charts
  version: 3.1.2
- name: falco-exporter
  repository: https://falcosecurity.github.io/charts
  version: 0.9.2
digest: sha256:28b31158ce560cb05135c9f36c283a7e36e082bdd1ed27900f5fbee99fe2935d
generated: "2023-03-20T17:33:17.786137342Z"
