dependencies:
- name: scylla-operator
  repository: https://scylla-operator-charts.storage.googleapis.com/stable
  version: v1.11.1
- name: scylla-manager
  repository: https://scylla-operator-charts.storage.googleapis.com/stable
  version: v1.11.1
- name: scylla
  repository: https://scylla-operator-charts.storage.googleapis.com/stable
  version: v1.11.1
digest: sha256:324b94934bcacdf3fe0adb9a60b3f9d60094bf24307bd350cbecaf0d23c3c5f8
generated: "2024-01-02T01:40:01.335986+01:00"
