dependencies:
- name: scylla-operator
  repository: https://scylla-operator-charts.storage.googleapis.com/stable
  version: v1.11.0
- name: scylla-manager
  repository: https://scylla-operator-charts.storage.googleapis.com/stable
  version: v1.11.0
- name: scylla
  repository: https://scylla-operator-charts.storage.googleapis.com/stable
  version: v1.11.1
digest: sha256:6e12f36926bb24d1886c8365fb1d523503ea23e7fdc5df8aa5a7d70ff68d1da8
generated: "2024-01-02T00:37:14.325385443Z"
