dependencies:
- name: shortlink-common
  repository: file://../../../shortlink-common
  version: 0.2.0
- name: ingress-nginx
  repository: https://kubernetes.github.io/ingress-nginx
  version: 4.2.5
digest: sha256:b560b097d0ef87b1898070a89bb3c28c03399dfbb73d9eb040103fcf6862bcc2
generated: "2022-09-09T17:48:13.275212382Z"
