dependencies:
- name: shortlink-common
  repository: file://../../../shortlink-common
  version: 0.2.0
- name: ingress-nginx
  repository: https://kubernetes.github.io/ingress-nginx
  version: 4.2.3
digest: sha256:b3d0e8b8a703e1cfc1231db1bdb748b323f5e415c2dd562b62bfdf9ab2cc496c
generated: "2022-09-28T05:07:34.884825+06:00"
