dependencies:
- name: loki
  repository: https://grafana.github.io/helm-charts
  version: 4.10.0
- name: promtail
  repository: https://grafana.github.io/helm-charts
  version: 6.10.0
digest: sha256:451451bdcfab08358486acc65d672fb0fdcf9497d196f7c561b1f403c2bbee33
generated: "2023-04-02T06:23:27.40761907Z"
