dependencies:
- name: loki
  repository: https://grafana.github.io/helm-charts
  version: 4.6.1
- name: promtail
  repository: https://grafana.github.io/helm-charts
  version: 6.8.3
digest: sha256:137f8ed123616c30384d2e89312612711592b80bde84aaad39a59d414bb6857d
generated: "2023-02-19T09:41:13.014072+03:00"
