dependencies:
- name: loki
  repository: https://grafana.github.io/helm-charts
  version: 4.9.0
- name: promtail
  repository: https://grafana.github.io/helm-charts
  version: 6.9.3
digest: sha256:45e0379b9ad75114a20f9e19ed63f530dbd2805401a867e7d97a05ba41f1b161
generated: "2023-03-29T14:20:51.415609187Z"
