dependencies:
- name: strimzi-kafka-operator
  repository: https://strimzi.io/charts/
  version: 0.33.0
- name: kafka-ui
  repository: https://provectus.github.io/kafka-ui
  version: 0.5.2
digest: sha256:4f8e0aa0850de1171337fd4ec9d0a25596dc9b67fa926a6585bd4074196c3307
generated: "2023-01-31T18:12:44.901357+06:00"
