dependencies:
- name: strimzi-kafka-operator
  repository: https://strimzi.io/charts/
  version: 0.34.0
- name: kafka-ui
  repository: https://provectus.github.io/kafka-ui
  version: 0.7.0
digest: sha256:75c93df9e1fe9e22c7f56b962046b46f27a33fe2849793672d5ff1fd76448566
generated: "2023-05-11T17:42:48.716798998Z"
