dependencies:
- name: shortlink-common
  repository: file://../../shortlink-common
  version: 0.1.0
- name: rook-ceph
  repository: https://charts.rook.io/release
  version: v1.9.10
digest: sha256:fc1c60cb033f21a9d2f7ca61f9e1d36a3c155128905a5b2bd62bd16e1c117737
generated: "2022-08-30T01:37:31.757830931Z"
