dependencies:
- name: shortlink-template
  repository: file://../../shortlink-template
  version: 0.8.15
- name: dragonfly
  repository: oci://ghcr.io/dragonflydb/dragonfly/helm
  version: v1.16.0
digest: sha256:1989d6be35dcc8a9e8e3566023c476fca549249522ff3f3f2d6b61b075537aee
generated: "2024-04-04T00:53:16.987078+02:00"
