dependencies:
- name: shortlink-template
  repository: file://../../shortlink-template
  version: 0.8.17
- name: dragonfly
  repository: oci://ghcr.io/dragonflydb/dragonfly/helm
  version: v1.16.0
digest: sha256:fd72e282e4d7f0903add6abbde19c9950357640295b8fbda53ce2ef47349a255
generated: "2024-04-06T23:20:52.926433+02:00"
