dependencies:
- name: oncall
  repository: https://grafana.github.io/helm-charts
  version: 1.3.102
- name: redis
  repository: oci://registry-1.docker.io/bitnamicharts
  version: 18.12.1
digest: sha256:870c6d2ab5f6f26dd32653c805a7db514d61c9c0ba105d7a929cb3ec64c021ba
generated: "2024-02-06T22:31:16.083033317Z"
