dependencies:
- name: oncall
  repository: https://grafana.github.io/helm-charts
  version: 1.3.105
- name: redis
  repository: oci://registry-1.docker.io/bitnamicharts
  version: 18.13.0
digest: sha256:a93d8ee235767078aa390a114c64f2658725898adf47585f97abc9a3e7c0befb
generated: "2024-02-13T18:59:16.45838997Z"
