dependencies:
- name: oncall
  repository: https://grafana.github.io/helm-charts
  version: 1.8.2
- name: redis
  repository: oci://registry-1.docker.io/bitnamicharts
  version: 19.6.1
digest: sha256:07651c22f4384ee2e6c70a85edd7ee4ecaf7124714df74bd4b9b2c6d464cc49e
generated: "2024-07-10T21:15:08.097788793Z"
