dependencies:
- name: testkube
  repository: https://kubeshop.github.io/helm-charts
  version: 1.11.216
- name: tracetest
  repository: https://kubeshop.github.io/helm-charts
  version: 0.2.55
digest: sha256:29aac89a26353368e5875ce651db16a6d9d7faa475ca1932c4371a11ba758818
generated: "2023-05-17T15:55:47.313744+02:00"
