dependencies:
- name: testkube
  repository: https://kubeshop.github.io/helm-charts
  version: 1.11.220
- name: tracetest
  repository: https://kubeshop.github.io/helm-charts
  version: 0.2.55
digest: sha256:a7f48140873a148f78c541206895d68ced66268a09a2ae88305fde7da1916157
generated: "2023-05-17T15:47:16.418353197Z"
